
Microsoft Visual Studio Solution File, Format Version 12.00
# Visual Studio Version 17
VisualStudioVersion = 17.13.35931.197 d17.13
MinimumVisualStudioVersion = 10.0.40219.1
Project("{FAE04EC0-301F-11D3-BF4B-00C04F79EFBC}") = "mototrack-backend-dotnet", "mototrack-backend-dotnet\mototrack-backend-dotnet.csproj", "{E5C18B50-146F-4018-B856-C20EE6ED95AE}"
EndProject
Global
	GlobalSection(SolutionConfigurationPlatforms) = preSolution
		Debug|Any CPU = Debug|Any CPU
		Release|Any CPU = Release|Any CPU
	EndGlobalSection
	GlobalSection(ProjectConfigurationPlatforms) = postSolution
		{E5C18B50-146F-4018-B856-C20EE6ED95AE}.Debug|Any CPU.ActiveCfg = Debug|Any CPU
		{E5C18B50-146F-4018-B856-C20EE6ED95AE}.Debug|Any CPU.Build.0 = Debug|Any CPU
		{E5C18B50-146F-4018-B856-C20EE6ED95AE}.Release|Any CPU.ActiveCfg = Release|Any CPU
		{E5C18B50-146F-4018-B856-C20EE6ED95AE}.Release|Any CPU.Build.0 = Release|Any CPU
	EndGlobalSection
	GlobalSection(SolutionProperties) = preSolution
		HideSolutionNode = FALSE
	EndGlobalSection
	GlobalSection(ExtensibilityGlobals) = postSolution
		SolutionGuid = {AA5360A2-D08B-42D7-9B25-F63CC078BBD8}
	EndGlobalSection
EndGlobal
